
Microsoft Visual Studio Solution File, Format Version 12.00
# Visual Studio Version 17
VisualStudioVersion = 17.12.35707.178 d17.12
MinimumVisualStudioVersion = 10.0.40219.1
Project("{FAE04EC0-301F-11D3-BF4B-00C04F79EFBC}") = "Server", "NetworkProgram\Server.csproj", "{EF89A970-5A37-4D7C-8AA9-BBDB2FF80072}"
EndProject
Project("{FAE04EC0-301F-11D3-BF4B-00C04F79EFBC}") = "Client", "Client\Client.csproj", "{3BECC691-CA64-4BF4-8995-EEAEDC57EF33}"
EndProject
Global
	GlobalSection(SolutionConfigurationPlatforms) = preSolution
		Debug|Any CPU = Debug|Any CPU
		Release|Any CPU = Release|Any CPU
	EndGlobalSection
	GlobalSection(ProjectConfigurationPlatforms) = postSolution
		{EF89A970-5A37-4D7C-8AA9-BBDB2FF80072}.Debug|Any CPU.ActiveCfg = Debug|Any CPU
		{EF89A970-5A37-4D7C-8AA9-BBDB2FF80072}.Debug|Any CPU.Build.0 = Debug|Any CPU
		{EF89A970-5A37-4D7C-8AA9-BBDB2FF80072}.Release|Any CPU.ActiveCfg = Release|Any CPU
		{EF89A970-5A37-4D7C-8AA9-BBDB2FF80072}.Release|Any CPU.Build.0 = Release|Any CPU
		{3BECC691-CA64-4BF4-8995-EEAEDC57EF33}.Debug|Any CPU.ActiveCfg = Debug|Any CPU
		{3BECC691-CA64-4BF4-8995-EEAEDC57EF33}.Debug|Any CPU.Build.0 = Debug|Any CPU
		{3BECC691-CA64-4BF4-8995-EEAEDC57EF33}.Release|Any CPU.ActiveCfg = Release|Any CPU
		{3BECC691-CA64-4BF4-8995-EEAEDC57EF33}.Release|Any CPU.Build.0 = Release|Any CPU
	EndGlobalSection
	GlobalSection(SolutionProperties) = preSolution
		HideSolutionNode = FALSE
	EndGlobalSection
EndGlobal
