
Microsoft Visual Studio Solution File, Format Version 12.00
# Visual Studio Version 17
VisualStudioVersion = 17.12.35707.178 d17.12
MinimumVisualStudioVersion = 10.0.40219.1
Project("{FAE04EC0-301F-11D3-BF4B-00C04F79EFBC}") = "Server", "Server\Server.csproj", "{C8656AC7-21BE-4418-982F-2EF9708E8CE1}"
EndProject
Project("{FAE04EC0-301F-11D3-BF4B-00C04F79EFBC}") = "Client", "Client\Client.csproj", "{ACA78E73-0D39-4B38-8B4F-2B7DBF411B67}"
EndProject
Global
	GlobalSection(SolutionConfigurationPlatforms) = preSolution
		Debug|Any CPU = Debug|Any CPU
		Release|Any CPU = Release|Any CPU
	EndGlobalSection
	GlobalSection(ProjectConfigurationPlatforms) = postSolution
		{C8656AC7-21BE-4418-982F-2EF9708E8CE1}.Debug|Any CPU.ActiveCfg = Debug|Any CPU
		{C8656AC7-21BE-4418-982F-2EF9708E8CE1}.Debug|Any CPU.Build.0 = Debug|Any CPU
		{C8656AC7-21BE-4418-982F-2EF9708E8CE1}.Release|Any CPU.ActiveCfg = Release|Any CPU
		{C8656AC7-21BE-4418-982F-2EF9708E8CE1}.Release|Any CPU.Build.0 = Release|Any CPU
		{ACA78E73-0D39-4B38-8B4F-2B7DBF411B67}.Debug|Any CPU.ActiveCfg = Debug|Any CPU
		{ACA78E73-0D39-4B38-8B4F-2B7DBF411B67}.Debug|Any CPU.Build.0 = Debug|Any CPU
		{ACA78E73-0D39-4B38-8B4F-2B7DBF411B67}.Release|Any CPU.ActiveCfg = Release|Any CPU
		{ACA78E73-0D39-4B38-8B4F-2B7DBF411B67}.Release|Any CPU.Build.0 = Release|Any CPU
	EndGlobalSection
	GlobalSection(SolutionProperties) = preSolution
		HideSolutionNode = FALSE
	EndGlobalSection
EndGlobal
